
Microsoft Visual Studio Solution File, Format Version 11.00
# Visual Studio 2010
Project("{FAE04EC0-301F-11D3-BF4B-00C04F79EFBC}") = "UMA_Core", "UMA_Core.csproj", "{26ea74d0-cf9c-42bc-799c-a0561e8e493e}"
EndProject
Project("{FAE04EC0-301F-11D3-BF4B-00C04F79EFBC}") = "Assembly-CSharp", "Assembly-CSharp.csproj", "{4ac3c21c-f1ee-2efb-fc9a-5b9090619837}"
EndProject
Project("{FAE04EC0-301F-11D3-BF4B-00C04F79EFBC}") = "ProceduralToolkit.Samples", "ProceduralToolkit.Samples.csproj", "{06eb8628-88dc-ff12-5233-ff30cbce948c}"
EndProject
Project("{FAE04EC0-301F-11D3-BF4B-00C04F79EFBC}") = "SteamVR", "SteamVR.csproj", "{bacd35f2-0b81-e4e1-2974-212d5a6a5016}"
EndProject
Project("{FAE04EC0-301F-11D3-BF4B-00C04F79EFBC}") = "TobiiXRDevTools", "TobiiXRDevTools.csproj", "{a954637d-db8e-6558-a3ab-d5d7baa10438}"
EndProject
Project("{FAE04EC0-301F-11D3-BF4B-00C04F79EFBC}") = "TobiiXRSDK", "TobiiXRSDK.csproj", "{87c3b699-38de-31f7-e451-15b4da11329b}"
EndProject
Project("{FAE04EC0-301F-11D3-BF4B-00C04F79EFBC}") = "UMA_Examples", "UMA_Examples.csproj", "{9cbb25c2-3c68-18d1-6ab2-48b6d5da8611}"
EndProject
Project("{FAE04EC0-301F-11D3-BF4B-00C04F79EFBC}") = "TobiiXRCore", "TobiiXRCore.csproj", "{85750669-ab7a-cd10-0b83-cba775d17553}"
EndProject
Project("{FAE04EC0-301F-11D3-BF4B-00C04F79EFBC}") = "ProceduralToolkit", "ProceduralToolkit.csproj", "{961fc838-e915-3018-6c4d-f0119a38f741}"
EndProject
Project("{FAE04EC0-301F-11D3-BF4B-00C04F79EFBC}") = "Assembly-CSharp-firstpass", "Assembly-CSharp-firstpass.csproj", "{90e1b18a-41fb-64ac-b2a4-392eb93ec8a0}"
EndProject
Project("{FAE04EC0-301F-11D3-BF4B-00C04F79EFBC}") = "UMA_Content", "UMA_Content.csproj", "{f1ba058d-f882-7365-f39d-c49e5aa3e863}"
EndProject
Project("{FAE04EC0-301F-11D3-BF4B-00C04F79EFBC}") = "TobiiXRG2OM", "TobiiXRG2OM.csproj", "{8a390673-0e94-c323-da03-3e3d25c840ea}"
EndProject
Project("{FAE04EC0-301F-11D3-BF4B-00C04F79EFBC}") = "ProceduralToolkit.LibTessDotNet", "ProceduralToolkit.LibTessDotNet.csproj", "{a20ec913-e6cc-0639-5e0a-d3c2c42deb3b}"
EndProject
Project("{FAE04EC0-301F-11D3-BF4B-00C04F79EFBC}") = "SteamVR_Actions", "SteamVR_Actions.csproj", "{38ab2dd6-4962-c3b5-7258-fc8355c96f9f}"
EndProject
Project("{FAE04EC0-301F-11D3-BF4B-00C04F79EFBC}") = "ProceduralToolkit.ClipperLib", "ProceduralToolkit.ClipperLib.csproj", "{b50719be-9ede-00bc-cbb4-970afdca4a46}"
EndProject
Project("{FAE04EC0-301F-11D3-BF4B-00C04F79EFBC}") = "ProceduralToolkit.FastNoiseLib", "ProceduralToolkit.FastNoiseLib.csproj", "{efe910c9-b7d5-63d0-d427-8bb1090d09ed}"
EndProject
Project("{FAE04EC0-301F-11D3-BF4B-00C04F79EFBC}") = "UMA_Core_Editor", "UMA_Core_Editor.csproj", "{59bbea3d-5751-e270-3aba-3096666d02a5}"
EndProject
Project("{FAE04EC0-301F-11D3-BF4B-00C04F79EFBC}") = "Assembly-CSharp-Editor", "Assembly-CSharp-Editor.csproj", "{76ae5aa4-8f4d-e4b2-76c1-3f6c0811b4f1}"
EndProject
Project("{FAE04EC0-301F-11D3-BF4B-00C04F79EFBC}") = "SteamVR_Editor", "SteamVR_Editor.csproj", "{b357f5bf-8dc1-67cd-9723-42d85f1ac94c}"
EndProject
Project("{FAE04EC0-301F-11D3-BF4B-00C04F79EFBC}") = "ProceduralToolkit.Editor", "ProceduralToolkit.Editor.csproj", "{c3428b09-f300-5e8a-65e1-8f41f1a13a3b}"
EndProject
Project("{FAE04EC0-301F-11D3-BF4B-00C04F79EFBC}") = "SteamVR_Input_Editor", "SteamVR_Input_Editor.csproj", "{e9b7c7da-0194-9c1d-1352-03ae02e14479}"
EndProject
Project("{FAE04EC0-301F-11D3-BF4B-00C04F79EFBC}") = "TobiiXRInternalEditor", "TobiiXRInternalEditor.csproj", "{7d2bf6d0-959f-6682-f4bd-1914acfa7e2a}"
EndProject
Project("{FAE04EC0-301F-11D3-BF4B-00C04F79EFBC}") = "TobiiXREditor", "TobiiXREditor.csproj", "{e4ed0a48-30ca-1bca-be4f-60f13d61c16b}"
EndProject
Project("{FAE04EC0-301F-11D3-BF4B-00C04F79EFBC}") = "ProceduralToolkit.Samples.Buildings.Editor", "ProceduralToolkit.Samples.Buildings.Editor.csproj", "{190f2563-8e94-084e-4479-80f25b530c85}"
EndProject
Project("{FAE04EC0-301F-11D3-BF4B-00C04F79EFBC}") = "UMA_Examples_Editor", "UMA_Examples_Editor.csproj", "{d911749b-e6e7-8b7d-5e6c-35f42f1801cc}"
EndProject
Project("{FAE04EC0-301F-11D3-BF4B-00C04F79EFBC}") = "ProceduralToolkit.Samples.LowPolyTerrain.Editor", "ProceduralToolkit.Samples.LowPolyTerrain.Editor.csproj", "{6ae2ddc1-0f13-ae12-fcbc-5875b2c0627d}"
EndProject
Project("{FAE04EC0-301F-11D3-BF4B-00C04F79EFBC}") = "Addressable_Editor", "Addressable_Editor.csproj", "{94561fd0-5832-c6e1-b8c9-8c6b61669631}"
EndProject
Project("{FAE04EC0-301F-11D3-BF4B-00C04F79EFBC}") = "SteamVR_Windows_EditorHelper", "SteamVR_Windows_EditorHelper.csproj", "{77ef91ce-3c05-c462-bbdd-49e72e74d4c4}"
EndProject
Project("{FAE04EC0-301F-11D3-BF4B-00C04F79EFBC}") = "Assembly-CSharp-Editor-firstpass", "Assembly-CSharp-Editor-firstpass.csproj", "{69216034-7045-5486-85d6-5ddf47d0f6b2}"
EndProject
Project("{FAE04EC0-301F-11D3-BF4B-00C04F79EFBC}") = "ProceduralToolkit.Samples.Chairs.Editor", "ProceduralToolkit.Samples.Chairs.Editor.csproj", "{199205b5-150a-4c48-9b30-c97b05be9d50}"
EndProject
Project("{FAE04EC0-301F-11D3-BF4B-00C04F79EFBC}") = "GazeModifierEditor", "GazeModifierEditor.csproj", "{8df95606-c60f-7f3a-6b3b-dc0ee7b6a5f8}"
EndProject
Global
	GlobalSection(SolutionConfigurationPlatforms) = preSolution
		Debug|Any CPU = Debug|Any CPU
	EndGlobalSection
	GlobalSection(ProjectConfigurationPlatforms) = postSolution
		{26ea74d0-cf9c-42bc-799c-a0561e8e493e}.Debug|Any CPU.ActiveCfg = Debug|Any CPU
		{26ea74d0-cf9c-42bc-799c-a0561e8e493e}.Debug|Any CPU.Build.0 = Debug|Any CPU
		{4ac3c21c-f1ee-2efb-fc9a-5b9090619837}.Debug|Any CPU.ActiveCfg = Debug|Any CPU
		{4ac3c21c-f1ee-2efb-fc9a-5b9090619837}.Debug|Any CPU.Build.0 = Debug|Any CPU
		{06eb8628-88dc-ff12-5233-ff30cbce948c}.Debug|Any CPU.ActiveCfg = Debug|Any CPU
		{06eb8628-88dc-ff12-5233-ff30cbce948c}.Debug|Any CPU.Build.0 = Debug|Any CPU
		{bacd35f2-0b81-e4e1-2974-212d5a6a5016}.Debug|Any CPU.ActiveCfg = Debug|Any CPU
		{bacd35f2-0b81-e4e1-2974-212d5a6a5016}.Debug|Any CPU.Build.0 = Debug|Any CPU
		{a954637d-db8e-6558-a3ab-d5d7baa10438}.Debug|Any CPU.ActiveCfg = Debug|Any CPU
		{a954637d-db8e-6558-a3ab-d5d7baa10438}.Debug|Any CPU.Build.0 = Debug|Any CPU
		{87c3b699-38de-31f7-e451-15b4da11329b}.Debug|Any CPU.ActiveCfg = Debug|Any CPU
		{87c3b699-38de-31f7-e451-15b4da11329b}.Debug|Any CPU.Build.0 = Debug|Any CPU
		{9cbb25c2-3c68-18d1-6ab2-48b6d5da8611}.Debug|Any CPU.ActiveCfg = Debug|Any CPU
		{9cbb25c2-3c68-18d1-6ab2-48b6d5da8611}.Debug|Any CPU.Build.0 = Debug|Any CPU
		{85750669-ab7a-cd10-0b83-cba775d17553}.Debug|Any CPU.ActiveCfg = Debug|Any CPU
		{85750669-ab7a-cd10-0b83-cba775d17553}.Debug|Any CPU.Build.0 = Debug|Any CPU
		{961fc838-e915-3018-6c4d-f0119a38f741}.Debug|Any CPU.ActiveCfg = Debug|Any CPU
		{961fc838-e915-3018-6c4d-f0119a38f741}.Debug|Any CPU.Build.0 = Debug|Any CPU
		{90e1b18a-41fb-64ac-b2a4-392eb93ec8a0}.Debug|Any CPU.ActiveCfg = Debug|Any CPU
		{90e1b18a-41fb-64ac-b2a4-392eb93ec8a0}.Debug|Any CPU.Build.0 = Debug|Any CPU
		{f1ba058d-f882-7365-f39d-c49e5aa3e863}.Debug|Any CPU.ActiveCfg = Debug|Any CPU
		{f1ba058d-f882-7365-f39d-c49e5aa3e863}.Debug|Any CPU.Build.0 = Debug|Any CPU
		{8a390673-0e94-c323-da03-3e3d25c840ea}.Debug|Any CPU.ActiveCfg = Debug|Any CPU
		{8a390673-0e94-c323-da03-3e3d25c840ea}.Debug|Any CPU.Build.0 = Debug|Any CPU
		{a20ec913-e6cc-0639-5e0a-d3c2c42deb3b}.Debug|Any CPU.ActiveCfg = Debug|Any CPU
		{a20ec913-e6cc-0639-5e0a-d3c2c42deb3b}.Debug|Any CPU.Build.0 = Debug|Any CPU
		{38ab2dd6-4962-c3b5-7258-fc8355c96f9f}.Debug|Any CPU.ActiveCfg = Debug|Any CPU
		{38ab2dd6-4962-c3b5-7258-fc8355c96f9f}.Debug|Any CPU.Build.0 = Debug|Any CPU
		{b50719be-9ede-00bc-cbb4-970afdca4a46}.Debug|Any CPU.ActiveCfg = Debug|Any CPU
		{b50719be-9ede-00bc-cbb4-970afdca4a46}.Debug|Any CPU.Build.0 = Debug|Any CPU
		{efe910c9-b7d5-63d0-d427-8bb1090d09ed}.Debug|Any CPU.ActiveCfg = Debug|Any CPU
		{efe910c9-b7d5-63d0-d427-8bb1090d09ed}.Debug|Any CPU.Build.0 = Debug|Any CPU
		{59bbea3d-5751-e270-3aba-3096666d02a5}.Debug|Any CPU.ActiveCfg = Debug|Any CPU
		{59bbea3d-5751-e270-3aba-3096666d02a5}.Debug|Any CPU.Build.0 = Debug|Any CPU
		{76ae5aa4-8f4d-e4b2-76c1-3f6c0811b4f1}.Debug|Any CPU.ActiveCfg = Debug|Any CPU
		{76ae5aa4-8f4d-e4b2-76c1-3f6c0811b4f1}.Debug|Any CPU.Build.0 = Debug|Any CPU
		{b357f5bf-8dc1-67cd-9723-42d85f1ac94c}.Debug|Any CPU.ActiveCfg = Debug|Any CPU
		{b357f5bf-8dc1-67cd-9723-42d85f1ac94c}.Debug|Any CPU.Build.0 = Debug|Any CPU
		{c3428b09-f300-5e8a-65e1-8f41f1a13a3b}.Debug|Any CPU.ActiveCfg = Debug|Any CPU
		{c3428b09-f300-5e8a-65e1-8f41f1a13a3b}.Debug|Any CPU.Build.0 = Debug|Any CPU
		{e9b7c7da-0194-9c1d-1352-03ae02e14479}.Debug|Any CPU.ActiveCfg = Debug|Any CPU
		{e9b7c7da-0194-9c1d-1352-03ae02e14479}.Debug|Any CPU.Build.0 = Debug|Any CPU
		{7d2bf6d0-959f-6682-f4bd-1914acfa7e2a}.Debug|Any CPU.ActiveCfg = Debug|Any CPU
		{7d2bf6d0-959f-6682-f4bd-1914acfa7e2a}.Debug|Any CPU.Build.0 = Debug|Any CPU
		{e4ed0a48-30ca-1bca-be4f-60f13d61c16b}.Debug|Any CPU.ActiveCfg = Debug|Any CPU
		{e4ed0a48-30ca-1bca-be4f-60f13d61c16b}.Debug|Any CPU.Build.0 = Debug|Any CPU
		{190f2563-8e94-084e-4479-80f25b530c85}.Debug|Any CPU.ActiveCfg = Debug|Any CPU
		{190f2563-8e94-084e-4479-80f25b530c85}.Debug|Any CPU.Build.0 = Debug|Any CPU
		{d911749b-e6e7-8b7d-5e6c-35f42f1801cc}.Debug|Any CPU.ActiveCfg = Debug|Any CPU
		{d911749b-e6e7-8b7d-5e6c-35f42f1801cc}.Debug|Any CPU.Build.0 = Debug|Any CPU
		{6ae2ddc1-0f13-ae12-fcbc-5875b2c0627d}.Debug|Any CPU.ActiveCfg = Debug|Any CPU
		{6ae2ddc1-0f13-ae12-fcbc-5875b2c0627d}.Debug|Any CPU.Build.0 = Debug|Any CPU
		{94561fd0-5832-c6e1-b8c9-8c6b61669631}.Debug|Any CPU.ActiveCfg = Debug|Any CPU
		{94561fd0-5832-c6e1-b8c9-8c6b61669631}.Debug|Any CPU.Build.0 = Debug|Any CPU
		{77ef91ce-3c05-c462-bbdd-49e72e74d4c4}.Debug|Any CPU.ActiveCfg = Debug|Any CPU
		{77ef91ce-3c05-c462-bbdd-49e72e74d4c4}.Debug|Any CPU.Build.0 = Debug|Any CPU
		{69216034-7045-5486-85d6-5ddf47d0f6b2}.Debug|Any CPU.ActiveCfg = Debug|Any CPU
		{69216034-7045-5486-85d6-5ddf47d0f6b2}.Debug|Any CPU.Build.0 = Debug|Any CPU
		{199205b5-150a-4c48-9b30-c97b05be9d50}.Debug|Any CPU.ActiveCfg = Debug|Any CPU
		{199205b5-150a-4c48-9b30-c97b05be9d50}.Debug|Any CPU.Build.0 = Debug|Any CPU
		{8df95606-c60f-7f3a-6b3b-dc0ee7b6a5f8}.Debug|Any CPU.ActiveCfg = Debug|Any CPU
		{8df95606-c60f-7f3a-6b3b-dc0ee7b6a5f8}.Debug|Any CPU.Build.0 = Debug|Any CPU
	EndGlobalSection
	GlobalSection(SolutionProperties) = preSolution
		HideSolutionNode = FALSE
	EndGlobalSection
EndGlobal
