
Microsoft Visual Studio Solution File, Format Version 11.00
# Visual Studio 2010
Project("{FAE04EC0-301F-11D3-BF4B-00C04F79EFBC}") = "UMA_Core", "UMA_Core.csproj", "{08DE4D57-9DF7-1099-5C21-614F53748CFB}"
EndProject
Project("{FAE04EC0-301F-11D3-BF4B-00C04F79EFBC}") = "Assembly-CSharp", "Assembly-CSharp.csproj", "{71EDF12F-9111-53E5-4FB6-1B3F2DEF41E7}"
EndProject
Project("{FAE04EC0-301F-11D3-BF4B-00C04F79EFBC}") = "ProceduralToolkit.Samples", "ProceduralToolkit.Samples.csproj", "{09E5EAB6-C4C2-2E65-B032-A2A80151F3F2}"
EndProject
Project("{FAE04EC0-301F-11D3-BF4B-00C04F79EFBC}") = "SteamVR", "SteamVR.csproj", "{2389BE99-973C-837F-D91E-CE5090CD2CB9}"
EndProject
Project("{FAE04EC0-301F-11D3-BF4B-00C04F79EFBC}") = "TobiiXRDevTools", "TobiiXRDevTools.csproj", "{29F59988-CD11-8F83-07DB-F5B160101FBA}"
EndProject
Project("{FAE04EC0-301F-11D3-BF4B-00C04F79EFBC}") = "TobiiXRSDK", "TobiiXRSDK.csproj", "{F7D69FE3-3691-74DD-BDC7-207D4BDE6014}"
EndProject
Project("{FAE04EC0-301F-11D3-BF4B-00C04F79EFBC}") = "UMA_Examples", "UMA_Examples.csproj", "{525C5463-5AFC-78FD-AB77-CC727DA1BFBF}"
EndProject
Project("{FAE04EC0-301F-11D3-BF4B-00C04F79EFBC}") = "TobiiXRCore", "TobiiXRCore.csproj", "{71527725-C9E3-8ADD-8551-4BD784072A3A}"
EndProject
Project("{FAE04EC0-301F-11D3-BF4B-00C04F79EFBC}") = "ProceduralToolkit", "ProceduralToolkit.csproj", "{1D4C7D73-7395-F3CD-84A9-2E0F4EC0EB89}"
EndProject
Project("{FAE04EC0-301F-11D3-BF4B-00C04F79EFBC}") = "Assembly-CSharp-firstpass", "Assembly-CSharp-firstpass.csproj", "{D3358A8F-49B6-098F-917C-1E15C0F1BD0B}"
EndProject
Project("{FAE04EC0-301F-11D3-BF4B-00C04F79EFBC}") = "UMA_Content", "UMA_Content.csproj", "{9CFE1FE7-13E5-A751-48DA-38C3AB264E17}"
EndProject
Project("{FAE04EC0-301F-11D3-BF4B-00C04F79EFBC}") = "TobiiXRG2OM", "TobiiXRG2OM.csproj", "{92A82F53-82D0-2911-50A0-2EF224FBCE5F}"
EndProject
Project("{FAE04EC0-301F-11D3-BF4B-00C04F79EFBC}") = "ProceduralToolkit.LibTessDotNet", "ProceduralToolkit.LibTessDotNet.csproj", "{F7CFAFA6-E6F5-6E12-0903-7E6A0B067E26}"
EndProject
Project("{FAE04EC0-301F-11D3-BF4B-00C04F79EFBC}") = "SteamVR_Actions", "SteamVR_Actions.csproj", "{A9354125-EAFF-BA8F-2DFB-B990A12EF28B}"
EndProject
Project("{FAE04EC0-301F-11D3-BF4B-00C04F79EFBC}") = "ProceduralToolkit.ClipperLib", "ProceduralToolkit.ClipperLib.csproj", "{2659E566-1176-7EAA-5641-D1EC99DB94D7}"
EndProject
Project("{FAE04EC0-301F-11D3-BF4B-00C04F79EFBC}") = "ProceduralToolkit.FastNoiseLib", "ProceduralToolkit.FastNoiseLib.csproj", "{57E5443B-7A67-691F-CB05-BEC3FE880B49}"
EndProject
Project("{FAE04EC0-301F-11D3-BF4B-00C04F79EFBC}") = "UMA_Core_Editor", "UMA_Core_Editor.csproj", "{BD6BF378-5F89-4361-82D2-CF0D310A8A30}"
EndProject
Project("{FAE04EC0-301F-11D3-BF4B-00C04F79EFBC}") = "Assembly-CSharp-Editor", "Assembly-CSharp-Editor.csproj", "{9C8241FA-12B0-225B-85CD-6F2260A2D0F4}"
EndProject
Project("{FAE04EC0-301F-11D3-BF4B-00C04F79EFBC}") = "SteamVR_Editor", "SteamVR_Editor.csproj", "{ABBAD767-DE70-097D-B04E-1E479F012B6B}"
EndProject
Project("{FAE04EC0-301F-11D3-BF4B-00C04F79EFBC}") = "ProceduralToolkit.Editor", "ProceduralToolkit.Editor.csproj", "{D2994471-FA38-73CC-DC63-3F0D110BACB9}"
EndProject
Project("{FAE04EC0-301F-11D3-BF4B-00C04F79EFBC}") = "SteamVR_Input_Editor", "SteamVR_Input_Editor.csproj", "{37ED0928-3A23-E42C-B1FD-3F87F03D3DA8}"
EndProject
Project("{FAE04EC0-301F-11D3-BF4B-00C04F79EFBC}") = "TobiiXRInternalEditor", "TobiiXRInternalEditor.csproj", "{0229DF9C-179A-6630-6B4B-B4FEF82B3D77}"
EndProject
Project("{FAE04EC0-301F-11D3-BF4B-00C04F79EFBC}") = "TobiiXREditor", "TobiiXREditor.csproj", "{46942329-E812-FB72-CAAC-84C6E20F37E0}"
EndProject
Project("{FAE04EC0-301F-11D3-BF4B-00C04F79EFBC}") = "ProceduralToolkit.Samples.Buildings.Editor", "ProceduralToolkit.Samples.Buildings.Editor.csproj", "{7959BFA5-C27B-2C86-43C8-EBF3FAD0E4B9}"
EndProject
Project("{FAE04EC0-301F-11D3-BF4B-00C04F79EFBC}") = "UMA_Examples_Editor", "UMA_Examples_Editor.csproj", "{C35015E2-0F9E-4776-6CEA-061BCEB5D1D5}"
EndProject
Project("{FAE04EC0-301F-11D3-BF4B-00C04F79EFBC}") = "ProceduralToolkit.Samples.LowPolyTerrain.Editor", "ProceduralToolkit.Samples.LowPolyTerrain.Editor.csproj", "{437DA614-B540-B279-FBDD-603C9DE90D93}"
EndProject
Project("{FAE04EC0-301F-11D3-BF4B-00C04F79EFBC}") = "Addressable_Editor", "Addressable_Editor.csproj", "{9BC871EF-7EA1-DF5C-BF8E-93501E3A5686}"
EndProject
Project("{FAE04EC0-301F-11D3-BF4B-00C04F79EFBC}") = "SteamVR_Windows_EditorHelper", "SteamVR_Windows_EditorHelper.csproj", "{F903A965-274A-A297-F6E4-7DF226B19ECA}"
EndProject
Project("{FAE04EC0-301F-11D3-BF4B-00C04F79EFBC}") = "Assembly-CSharp-Editor-firstpass", "Assembly-CSharp-Editor-firstpass.csproj", "{31460C2D-DC7A-34FE-0693-36754C6C9F6B}"
EndProject
Project("{FAE04EC0-301F-11D3-BF4B-00C04F79EFBC}") = "ProceduralToolkit.Samples.Chairs.Editor", "ProceduralToolkit.Samples.Chairs.Editor.csproj", "{5A0EDEB9-081B-C3A0-08BF-B40C43BD7CCF}"
EndProject
Project("{FAE04EC0-301F-11D3-BF4B-00C04F79EFBC}") = "GazeModifierEditor", "GazeModifierEditor.csproj", "{7F4F719E-658E-32DA-AC7A-610693975343}"
EndProject
Global
	GlobalSection(SolutionConfigurationPlatforms) = preSolution
		Debug|Any CPU = Debug|Any CPU
		Release|Any CPU = Release|Any CPU
	EndGlobalSection
	GlobalSection(ProjectConfigurationPlatforms) = postSolution
		{08DE4D57-9DF7-1099-5C21-614F53748CFB}.Debug|Any CPU.ActiveCfg = Debug|Any CPU
		{08DE4D57-9DF7-1099-5C21-614F53748CFB}.Debug|Any CPU.Build.0 = Debug|Any CPU
		{08DE4D57-9DF7-1099-5C21-614F53748CFB}.Release|Any CPU.ActiveCfg = Release|Any CPU
		{08DE4D57-9DF7-1099-5C21-614F53748CFB}.Release|Any CPU.Build.0 = Release|Any CPU
		{71EDF12F-9111-53E5-4FB6-1B3F2DEF41E7}.Debug|Any CPU.ActiveCfg = Debug|Any CPU
		{71EDF12F-9111-53E5-4FB6-1B3F2DEF41E7}.Debug|Any CPU.Build.0 = Debug|Any CPU
		{71EDF12F-9111-53E5-4FB6-1B3F2DEF41E7}.Release|Any CPU.ActiveCfg = Release|Any CPU
		{71EDF12F-9111-53E5-4FB6-1B3F2DEF41E7}.Release|Any CPU.Build.0 = Release|Any CPU
		{09E5EAB6-C4C2-2E65-B032-A2A80151F3F2}.Debug|Any CPU.ActiveCfg = Debug|Any CPU
		{09E5EAB6-C4C2-2E65-B032-A2A80151F3F2}.Debug|Any CPU.Build.0 = Debug|Any CPU
		{09E5EAB6-C4C2-2E65-B032-A2A80151F3F2}.Release|Any CPU.ActiveCfg = Release|Any CPU
		{09E5EAB6-C4C2-2E65-B032-A2A80151F3F2}.Release|Any CPU.Build.0 = Release|Any CPU
		{2389BE99-973C-837F-D91E-CE5090CD2CB9}.Debug|Any CPU.ActiveCfg = Debug|Any CPU
		{2389BE99-973C-837F-D91E-CE5090CD2CB9}.Debug|Any CPU.Build.0 = Debug|Any CPU
		{2389BE99-973C-837F-D91E-CE5090CD2CB9}.Release|Any CPU.ActiveCfg = Release|Any CPU
		{2389BE99-973C-837F-D91E-CE5090CD2CB9}.Release|Any CPU.Build.0 = Release|Any CPU
		{29F59988-CD11-8F83-07DB-F5B160101FBA}.Debug|Any CPU.ActiveCfg = Debug|Any CPU
		{29F59988-CD11-8F83-07DB-F5B160101FBA}.Debug|Any CPU.Build.0 = Debug|Any CPU
		{29F59988-CD11-8F83-07DB-F5B160101FBA}.Release|Any CPU.ActiveCfg = Release|Any CPU
		{29F59988-CD11-8F83-07DB-F5B160101FBA}.Release|Any CPU.Build.0 = Release|Any CPU
		{F7D69FE3-3691-74DD-BDC7-207D4BDE6014}.Debug|Any CPU.ActiveCfg = Debug|Any CPU
		{F7D69FE3-3691-74DD-BDC7-207D4BDE6014}.Debug|Any CPU.Build.0 = Debug|Any CPU
		{F7D69FE3-3691-74DD-BDC7-207D4BDE6014}.Release|Any CPU.ActiveCfg = Release|Any CPU
		{F7D69FE3-3691-74DD-BDC7-207D4BDE6014}.Release|Any CPU.Build.0 = Release|Any CPU
		{525C5463-5AFC-78FD-AB77-CC727DA1BFBF}.Debug|Any CPU.ActiveCfg = Debug|Any CPU
		{525C5463-5AFC-78FD-AB77-CC727DA1BFBF}.Debug|Any CPU.Build.0 = Debug|Any CPU
		{525C5463-5AFC-78FD-AB77-CC727DA1BFBF}.Release|Any CPU.ActiveCfg = Release|Any CPU
		{525C5463-5AFC-78FD-AB77-CC727DA1BFBF}.Release|Any CPU.Build.0 = Release|Any CPU
		{71527725-C9E3-8ADD-8551-4BD784072A3A}.Debug|Any CPU.ActiveCfg = Debug|Any CPU
		{71527725-C9E3-8ADD-8551-4BD784072A3A}.Debug|Any CPU.Build.0 = Debug|Any CPU
		{71527725-C9E3-8ADD-8551-4BD784072A3A}.Release|Any CPU.ActiveCfg = Release|Any CPU
		{71527725-C9E3-8ADD-8551-4BD784072A3A}.Release|Any CPU.Build.0 = Release|Any CPU
		{1D4C7D73-7395-F3CD-84A9-2E0F4EC0EB89}.Debug|Any CPU.ActiveCfg = Debug|Any CPU
		{1D4C7D73-7395-F3CD-84A9-2E0F4EC0EB89}.Debug|Any CPU.Build.0 = Debug|Any CPU
		{1D4C7D73-7395-F3CD-84A9-2E0F4EC0EB89}.Release|Any CPU.ActiveCfg = Release|Any CPU
		{1D4C7D73-7395-F3CD-84A9-2E0F4EC0EB89}.Release|Any CPU.Build.0 = Release|Any CPU
		{D3358A8F-49B6-098F-917C-1E15C0F1BD0B}.Debug|Any CPU.ActiveCfg = Debug|Any CPU
		{D3358A8F-49B6-098F-917C-1E15C0F1BD0B}.Debug|Any CPU.Build.0 = Debug|Any CPU
		{D3358A8F-49B6-098F-917C-1E15C0F1BD0B}.Release|Any CPU.ActiveCfg = Release|Any CPU
		{D3358A8F-49B6-098F-917C-1E15C0F1BD0B}.Release|Any CPU.Build.0 = Release|Any CPU
		{9CFE1FE7-13E5-A751-48DA-38C3AB264E17}.Debug|Any CPU.ActiveCfg = Debug|Any CPU
		{9CFE1FE7-13E5-A751-48DA-38C3AB264E17}.Debug|Any CPU.Build.0 = Debug|Any CPU
		{9CFE1FE7-13E5-A751-48DA-38C3AB264E17}.Release|Any CPU.ActiveCfg = Release|Any CPU
		{9CFE1FE7-13E5-A751-48DA-38C3AB264E17}.Release|Any CPU.Build.0 = Release|Any CPU
		{92A82F53-82D0-2911-50A0-2EF224FBCE5F}.Debug|Any CPU.ActiveCfg = Debug|Any CPU
		{92A82F53-82D0-2911-50A0-2EF224FBCE5F}.Debug|Any CPU.Build.0 = Debug|Any CPU
		{92A82F53-82D0-2911-50A0-2EF224FBCE5F}.Release|Any CPU.ActiveCfg = Release|Any CPU
		{92A82F53-82D0-2911-50A0-2EF224FBCE5F}.Release|Any CPU.Build.0 = Release|Any CPU
		{F7CFAFA6-E6F5-6E12-0903-7E6A0B067E26}.Debug|Any CPU.ActiveCfg = Debug|Any CPU
		{F7CFAFA6-E6F5-6E12-0903-7E6A0B067E26}.Debug|Any CPU.Build.0 = Debug|Any CPU
		{F7CFAFA6-E6F5-6E12-0903-7E6A0B067E26}.Release|Any CPU.ActiveCfg = Release|Any CPU
		{F7CFAFA6-E6F5-6E12-0903-7E6A0B067E26}.Release|Any CPU.Build.0 = Release|Any CPU
		{A9354125-EAFF-BA8F-2DFB-B990A12EF28B}.Debug|Any CPU.ActiveCfg = Debug|Any CPU
		{A9354125-EAFF-BA8F-2DFB-B990A12EF28B}.Debug|Any CPU.Build.0 = Debug|Any CPU
		{A9354125-EAFF-BA8F-2DFB-B990A12EF28B}.Release|Any CPU.ActiveCfg = Release|Any CPU
		{A9354125-EAFF-BA8F-2DFB-B990A12EF28B}.Release|Any CPU.Build.0 = Release|Any CPU
		{2659E566-1176-7EAA-5641-D1EC99DB94D7}.Debug|Any CPU.ActiveCfg = Debug|Any CPU
		{2659E566-1176-7EAA-5641-D1EC99DB94D7}.Debug|Any CPU.Build.0 = Debug|Any CPU
		{2659E566-1176-7EAA-5641-D1EC99DB94D7}.Release|Any CPU.ActiveCfg = Release|Any CPU
		{2659E566-1176-7EAA-5641-D1EC99DB94D7}.Release|Any CPU.Build.0 = Release|Any CPU
		{57E5443B-7A67-691F-CB05-BEC3FE880B49}.Debug|Any CPU.ActiveCfg = Debug|Any CPU
		{57E5443B-7A67-691F-CB05-BEC3FE880B49}.Debug|Any CPU.Build.0 = Debug|Any CPU
		{57E5443B-7A67-691F-CB05-BEC3FE880B49}.Release|Any CPU.ActiveCfg = Release|Any CPU
		{57E5443B-7A67-691F-CB05-BEC3FE880B49}.Release|Any CPU.Build.0 = Release|Any CPU
		{BD6BF378-5F89-4361-82D2-CF0D310A8A30}.Debug|Any CPU.ActiveCfg = Debug|Any CPU
		{BD6BF378-5F89-4361-82D2-CF0D310A8A30}.Debug|Any CPU.Build.0 = Debug|Any CPU
		{BD6BF378-5F89-4361-82D2-CF0D310A8A30}.Release|Any CPU.ActiveCfg = Release|Any CPU
		{BD6BF378-5F89-4361-82D2-CF0D310A8A30}.Release|Any CPU.Build.0 = Release|Any CPU
		{9C8241FA-12B0-225B-85CD-6F2260A2D0F4}.Debug|Any CPU.ActiveCfg = Debug|Any CPU
		{9C8241FA-12B0-225B-85CD-6F2260A2D0F4}.Debug|Any CPU.Build.0 = Debug|Any CPU
		{9C8241FA-12B0-225B-85CD-6F2260A2D0F4}.Release|Any CPU.ActiveCfg = Release|Any CPU
		{9C8241FA-12B0-225B-85CD-6F2260A2D0F4}.Release|Any CPU.Build.0 = Release|Any CPU
		{ABBAD767-DE70-097D-B04E-1E479F012B6B}.Debug|Any CPU.ActiveCfg = Debug|Any CPU
		{ABBAD767-DE70-097D-B04E-1E479F012B6B}.Debug|Any CPU.Build.0 = Debug|Any CPU
		{ABBAD767-DE70-097D-B04E-1E479F012B6B}.Release|Any CPU.ActiveCfg = Release|Any CPU
		{ABBAD767-DE70-097D-B04E-1E479F012B6B}.Release|Any CPU.Build.0 = Release|Any CPU
		{D2994471-FA38-73CC-DC63-3F0D110BACB9}.Debug|Any CPU.ActiveCfg = Debug|Any CPU
		{D2994471-FA38-73CC-DC63-3F0D110BACB9}.Debug|Any CPU.Build.0 = Debug|Any CPU
		{D2994471-FA38-73CC-DC63-3F0D110BACB9}.Release|Any CPU.ActiveCfg = Release|Any CPU
		{D2994471-FA38-73CC-DC63-3F0D110BACB9}.Release|Any CPU.Build.0 = Release|Any CPU
		{37ED0928-3A23-E42C-B1FD-3F87F03D3DA8}.Debug|Any CPU.ActiveCfg = Debug|Any CPU
		{37ED0928-3A23-E42C-B1FD-3F87F03D3DA8}.Debug|Any CPU.Build.0 = Debug|Any CPU
		{37ED0928-3A23-E42C-B1FD-3F87F03D3DA8}.Release|Any CPU.ActiveCfg = Release|Any CPU
		{37ED0928-3A23-E42C-B1FD-3F87F03D3DA8}.Release|Any CPU.Build.0 = Release|Any CPU
		{0229DF9C-179A-6630-6B4B-B4FEF82B3D77}.Debug|Any CPU.ActiveCfg = Debug|Any CPU
		{0229DF9C-179A-6630-6B4B-B4FEF82B3D77}.Debug|Any CPU.Build.0 = Debug|Any CPU
		{0229DF9C-179A-6630-6B4B-B4FEF82B3D77}.Release|Any CPU.ActiveCfg = Release|Any CPU
		{0229DF9C-179A-6630-6B4B-B4FEF82B3D77}.Release|Any CPU.Build.0 = Release|Any CPU
		{46942329-E812-FB72-CAAC-84C6E20F37E0}.Debug|Any CPU.ActiveCfg = Debug|Any CPU
		{46942329-E812-FB72-CAAC-84C6E20F37E0}.Debug|Any CPU.Build.0 = Debug|Any CPU
		{46942329-E812-FB72-CAAC-84C6E20F37E0}.Release|Any CPU.ActiveCfg = Release|Any CPU
		{46942329-E812-FB72-CAAC-84C6E20F37E0}.Release|Any CPU.Build.0 = Release|Any CPU
		{7959BFA5-C27B-2C86-43C8-EBF3FAD0E4B9}.Debug|Any CPU.ActiveCfg = Debug|Any CPU
		{7959BFA5-C27B-2C86-43C8-EBF3FAD0E4B9}.Debug|Any CPU.Build.0 = Debug|Any CPU
		{7959BFA5-C27B-2C86-43C8-EBF3FAD0E4B9}.Release|Any CPU.ActiveCfg = Release|Any CPU
		{7959BFA5-C27B-2C86-43C8-EBF3FAD0E4B9}.Release|Any CPU.Build.0 = Release|Any CPU
		{C35015E2-0F9E-4776-6CEA-061BCEB5D1D5}.Debug|Any CPU.ActiveCfg = Debug|Any CPU
		{C35015E2-0F9E-4776-6CEA-061BCEB5D1D5}.Debug|Any CPU.Build.0 = Debug|Any CPU
		{C35015E2-0F9E-4776-6CEA-061BCEB5D1D5}.Release|Any CPU.ActiveCfg = Release|Any CPU
		{C35015E2-0F9E-4776-6CEA-061BCEB5D1D5}.Release|Any CPU.Build.0 = Release|Any CPU
		{437DA614-B540-B279-FBDD-603C9DE90D93}.Debug|Any CPU.ActiveCfg = Debug|Any CPU
		{437DA614-B540-B279-FBDD-603C9DE90D93}.Debug|Any CPU.Build.0 = Debug|Any CPU
		{437DA614-B540-B279-FBDD-603C9DE90D93}.Release|Any CPU.ActiveCfg = Release|Any CPU
		{437DA614-B540-B279-FBDD-603C9DE90D93}.Release|Any CPU.Build.0 = Release|Any CPU
		{9BC871EF-7EA1-DF5C-BF8E-93501E3A5686}.Debug|Any CPU.ActiveCfg = Debug|Any CPU
		{9BC871EF-7EA1-DF5C-BF8E-93501E3A5686}.Debug|Any CPU.Build.0 = Debug|Any CPU
		{9BC871EF-7EA1-DF5C-BF8E-93501E3A5686}.Release|Any CPU.ActiveCfg = Release|Any CPU
		{9BC871EF-7EA1-DF5C-BF8E-93501E3A5686}.Release|Any CPU.Build.0 = Release|Any CPU
		{F903A965-274A-A297-F6E4-7DF226B19ECA}.Debug|Any CPU.ActiveCfg = Debug|Any CPU
		{F903A965-274A-A297-F6E4-7DF226B19ECA}.Debug|Any CPU.Build.0 = Debug|Any CPU
		{F903A965-274A-A297-F6E4-7DF226B19ECA}.Release|Any CPU.ActiveCfg = Release|Any CPU
		{F903A965-274A-A297-F6E4-7DF226B19ECA}.Release|Any CPU.Build.0 = Release|Any CPU
		{31460C2D-DC7A-34FE-0693-36754C6C9F6B}.Debug|Any CPU.ActiveCfg = Debug|Any CPU
		{31460C2D-DC7A-34FE-0693-36754C6C9F6B}.Debug|Any CPU.Build.0 = Debug|Any CPU
		{31460C2D-DC7A-34FE-0693-36754C6C9F6B}.Release|Any CPU.ActiveCfg = Release|Any CPU
		{31460C2D-DC7A-34FE-0693-36754C6C9F6B}.Release|Any CPU.Build.0 = Release|Any CPU
		{5A0EDEB9-081B-C3A0-08BF-B40C43BD7CCF}.Debug|Any CPU.ActiveCfg = Debug|Any CPU
		{5A0EDEB9-081B-C3A0-08BF-B40C43BD7CCF}.Debug|Any CPU.Build.0 = Debug|Any CPU
		{5A0EDEB9-081B-C3A0-08BF-B40C43BD7CCF}.Release|Any CPU.ActiveCfg = Release|Any CPU
		{5A0EDEB9-081B-C3A0-08BF-B40C43BD7CCF}.Release|Any CPU.Build.0 = Release|Any CPU
		{7F4F719E-658E-32DA-AC7A-610693975343}.Debug|Any CPU.ActiveCfg = Debug|Any CPU
		{7F4F719E-658E-32DA-AC7A-610693975343}.Debug|Any CPU.Build.0 = Debug|Any CPU
		{7F4F719E-658E-32DA-AC7A-610693975343}.Release|Any CPU.ActiveCfg = Release|Any CPU
		{7F4F719E-658E-32DA-AC7A-610693975343}.Release|Any CPU.Build.0 = Release|Any CPU
	EndGlobalSection
	GlobalSection(SolutionProperties) = preSolution
		HideSolutionNode = FALSE
	EndGlobalSection
EndGlobal
