
Microsoft Visual Studio Solution File, Format Version 11.00
# Visual Studio 2010
Project("{FAE04EC0-301F-11D3-BF4B-00C04F79EFBC}") = "Assembly-CSharp", "Assembly-CSharp.csproj", "{B4972B26-B020-A642-096E-8DAF166667B5}"
EndProject
Project("{FAE04EC0-301F-11D3-BF4B-00C04F79EFBC}") = "ProceduralToolkit.Samples", "ProceduralToolkit.Samples.csproj", "{80509FBB-A5E5-B309-B90C-E458B4BA9B28}"
EndProject
Project("{FAE04EC0-301F-11D3-BF4B-00C04F79EFBC}") = "ProceduralToolkit", "ProceduralToolkit.csproj", "{A9DCE2EB-747C-433C-A8AC-5DFD6FAAE72C}"
EndProject
Project("{FAE04EC0-301F-11D3-BF4B-00C04F79EFBC}") = "ProceduralToolkit.LibTessDotNet", "ProceduralToolkit.LibTessDotNet.csproj", "{817265F7-D026-4FFF-4252-ED6BFA71019A}"
EndProject
Project("{FAE04EC0-301F-11D3-BF4B-00C04F79EFBC}") = "ProceduralToolkit.ClipperLib", "ProceduralToolkit.ClipperLib.csproj", "{0223137A-02C3-BE56-B880-3B7D2E272EC4}"
EndProject
Project("{FAE04EC0-301F-11D3-BF4B-00C04F79EFBC}") = "ProceduralToolkit.FastNoiseLib", "ProceduralToolkit.FastNoiseLib.csproj", "{9A502518-717C-0172-4898-B2109227AEC0}"
EndProject
Project("{FAE04EC0-301F-11D3-BF4B-00C04F79EFBC}") = "Assembly-CSharp-Editor", "Assembly-CSharp-Editor.csproj", "{04C3D7E5-12D4-6EA6-0780-8B360494EB11}"
EndProject
Project("{FAE04EC0-301F-11D3-BF4B-00C04F79EFBC}") = "ProceduralToolkit.Editor", "ProceduralToolkit.Editor.csproj", "{16F42CD2-B6BE-FA49-1A5D-0E0367AF32C8}"
EndProject
Project("{FAE04EC0-301F-11D3-BF4B-00C04F79EFBC}") = "ProceduralToolkit.Samples.Buildings.Editor", "ProceduralToolkit.Samples.Buildings.Editor.csproj", "{24CFDD66-2414-CB5E-3FA5-07CCE5A6664A}"
EndProject
Project("{FAE04EC0-301F-11D3-BF4B-00C04F79EFBC}") = "ProceduralToolkit.Samples.LowPolyTerrain.Editor", "ProceduralToolkit.Samples.LowPolyTerrain.Editor.csproj", "{B77118D2-CE49-6096-2610-919CFC824030}"
EndProject
Project("{FAE04EC0-301F-11D3-BF4B-00C04F79EFBC}") = "ProceduralToolkit.Samples.Chairs.Editor", "ProceduralToolkit.Samples.Chairs.Editor.csproj", "{A0CC6B73-089F-A544-42FB-3C3951BD9F2F}"
EndProject
Global
	GlobalSection(SolutionConfigurationPlatforms) = preSolution
		Debug|Any CPU = Debug|Any CPU
		Release|Any CPU = Release|Any CPU
	EndGlobalSection
	GlobalSection(ProjectConfigurationPlatforms) = postSolution
		{B4972B26-B020-A642-096E-8DAF166667B5}.Debug|Any CPU.ActiveCfg = Debug|Any CPU
		{B4972B26-B020-A642-096E-8DAF166667B5}.Debug|Any CPU.Build.0 = Debug|Any CPU
		{B4972B26-B020-A642-096E-8DAF166667B5}.Release|Any CPU.ActiveCfg = Release|Any CPU
		{B4972B26-B020-A642-096E-8DAF166667B5}.Release|Any CPU.Build.0 = Release|Any CPU
		{80509FBB-A5E5-B309-B90C-E458B4BA9B28}.Debug|Any CPU.ActiveCfg = Debug|Any CPU
		{80509FBB-A5E5-B309-B90C-E458B4BA9B28}.Debug|Any CPU.Build.0 = Debug|Any CPU
		{80509FBB-A5E5-B309-B90C-E458B4BA9B28}.Release|Any CPU.ActiveCfg = Release|Any CPU
		{80509FBB-A5E5-B309-B90C-E458B4BA9B28}.Release|Any CPU.Build.0 = Release|Any CPU
		{A9DCE2EB-747C-433C-A8AC-5DFD6FAAE72C}.Debug|Any CPU.ActiveCfg = Debug|Any CPU
		{A9DCE2EB-747C-433C-A8AC-5DFD6FAAE72C}.Debug|Any CPU.Build.0 = Debug|Any CPU
		{A9DCE2EB-747C-433C-A8AC-5DFD6FAAE72C}.Release|Any CPU.ActiveCfg = Release|Any CPU
		{A9DCE2EB-747C-433C-A8AC-5DFD6FAAE72C}.Release|Any CPU.Build.0 = Release|Any CPU
		{817265F7-D026-4FFF-4252-ED6BFA71019A}.Debug|Any CPU.ActiveCfg = Debug|Any CPU
		{817265F7-D026-4FFF-4252-ED6BFA71019A}.Debug|Any CPU.Build.0 = Debug|Any CPU
		{817265F7-D026-4FFF-4252-ED6BFA71019A}.Release|Any CPU.ActiveCfg = Release|Any CPU
		{817265F7-D026-4FFF-4252-ED6BFA71019A}.Release|Any CPU.Build.0 = Release|Any CPU
		{0223137A-02C3-BE56-B880-3B7D2E272EC4}.Debug|Any CPU.ActiveCfg = Debug|Any CPU
		{0223137A-02C3-BE56-B880-3B7D2E272EC4}.Debug|Any CPU.Build.0 = Debug|Any CPU
		{0223137A-02C3-BE56-B880-3B7D2E272EC4}.Release|Any CPU.ActiveCfg = Release|Any CPU
		{0223137A-02C3-BE56-B880-3B7D2E272EC4}.Release|Any CPU.Build.0 = Release|Any CPU
		{9A502518-717C-0172-4898-B2109227AEC0}.Debug|Any CPU.ActiveCfg = Debug|Any CPU
		{9A502518-717C-0172-4898-B2109227AEC0}.Debug|Any CPU.Build.0 = Debug|Any CPU
		{9A502518-717C-0172-4898-B2109227AEC0}.Release|Any CPU.ActiveCfg = Release|Any CPU
		{9A502518-717C-0172-4898-B2109227AEC0}.Release|Any CPU.Build.0 = Release|Any CPU
		{04C3D7E5-12D4-6EA6-0780-8B360494EB11}.Debug|Any CPU.ActiveCfg = Debug|Any CPU
		{04C3D7E5-12D4-6EA6-0780-8B360494EB11}.Debug|Any CPU.Build.0 = Debug|Any CPU
		{04C3D7E5-12D4-6EA6-0780-8B360494EB11}.Release|Any CPU.ActiveCfg = Release|Any CPU
		{04C3D7E5-12D4-6EA6-0780-8B360494EB11}.Release|Any CPU.Build.0 = Release|Any CPU
		{16F42CD2-B6BE-FA49-1A5D-0E0367AF32C8}.Debug|Any CPU.ActiveCfg = Debug|Any CPU
		{16F42CD2-B6BE-FA49-1A5D-0E0367AF32C8}.Debug|Any CPU.Build.0 = Debug|Any CPU
		{16F42CD2-B6BE-FA49-1A5D-0E0367AF32C8}.Release|Any CPU.ActiveCfg = Release|Any CPU
		{16F42CD2-B6BE-FA49-1A5D-0E0367AF32C8}.Release|Any CPU.Build.0 = Release|Any CPU
		{24CFDD66-2414-CB5E-3FA5-07CCE5A6664A}.Debug|Any CPU.ActiveCfg = Debug|Any CPU
		{24CFDD66-2414-CB5E-3FA5-07CCE5A6664A}.Debug|Any CPU.Build.0 = Debug|Any CPU
		{24CFDD66-2414-CB5E-3FA5-07CCE5A6664A}.Release|Any CPU.ActiveCfg = Release|Any CPU
		{24CFDD66-2414-CB5E-3FA5-07CCE5A6664A}.Release|Any CPU.Build.0 = Release|Any CPU
		{B77118D2-CE49-6096-2610-919CFC824030}.Debug|Any CPU.ActiveCfg = Debug|Any CPU
		{B77118D2-CE49-6096-2610-919CFC824030}.Debug|Any CPU.Build.0 = Debug|Any CPU
		{B77118D2-CE49-6096-2610-919CFC824030}.Release|Any CPU.ActiveCfg = Release|Any CPU
		{B77118D2-CE49-6096-2610-919CFC824030}.Release|Any CPU.Build.0 = Release|Any CPU
		{A0CC6B73-089F-A544-42FB-3C3951BD9F2F}.Debug|Any CPU.ActiveCfg = Debug|Any CPU
		{A0CC6B73-089F-A544-42FB-3C3951BD9F2F}.Debug|Any CPU.Build.0 = Debug|Any CPU
		{A0CC6B73-089F-A544-42FB-3C3951BD9F2F}.Release|Any CPU.ActiveCfg = Release|Any CPU
		{A0CC6B73-089F-A544-42FB-3C3951BD9F2F}.Release|Any CPU.Build.0 = Release|Any CPU
	EndGlobalSection
	GlobalSection(SolutionProperties) = preSolution
		HideSolutionNode = FALSE
	EndGlobalSection
EndGlobal
