
Microsoft Visual Studio Solution File, Format Version 11.00
# Visual Studio 2010
Project("{FAE04EC0-301F-11D3-BF4B-00C04F79EFBC}") = "Assembly-CSharp", "Assembly-CSharp.csproj", "{58b3bae1-e8ec-2290-ef6d-1460a4705fbe}"
EndProject
Project("{FAE04EC0-301F-11D3-BF4B-00C04F79EFBC}") = "ProceduralToolkit.Samples", "ProceduralToolkit.Samples.csproj", "{4ac23276-a6ce-cf2e-8fd3-93eae7e9cc75}"
EndProject
Project("{FAE04EC0-301F-11D3-BF4B-00C04F79EFBC}") = "SteamVR", "SteamVR.csproj", "{a3e3ffce-e562-da52-61d8-c202f0c505e7}"
EndProject
Project("{FAE04EC0-301F-11D3-BF4B-00C04F79EFBC}") = "TobiiXRDevTools", "TobiiXRDevTools.csproj", "{2db8e967-4a63-5c42-e0f4-b8126bb8f514}"
EndProject
Project("{FAE04EC0-301F-11D3-BF4B-00C04F79EFBC}") = "TobiiXRSDK", "TobiiXRSDK.csproj", "{e0225896-fb5e-8a37-2ebb-ae804b23c501}"
EndProject
Project("{FAE04EC0-301F-11D3-BF4B-00C04F79EFBC}") = "TobiiXRCore", "TobiiXRCore.csproj", "{9fa77d38-fd7a-e890-fcbc-7993428707b4}"
EndProject
Project("{FAE04EC0-301F-11D3-BF4B-00C04F79EFBC}") = "ProceduralToolkit", "ProceduralToolkit.csproj", "{f5212723-6a5e-badd-1e8c-d014cde0fed3}"
EndProject
Project("{FAE04EC0-301F-11D3-BF4B-00C04F79EFBC}") = "TobiiXRG2OM", "TobiiXRG2OM.csproj", "{971cbb07-4d63-44bc-ff5d-61a12fe9b78a}"
EndProject
Project("{FAE04EC0-301F-11D3-BF4B-00C04F79EFBC}") = "ProceduralToolkit.LibTessDotNet", "ProceduralToolkit.LibTessDotNet.csproj", "{c899ac3d-a859-a0bf-6042-ec9edd56bdc7}"
EndProject
Project("{FAE04EC0-301F-11D3-BF4B-00C04F79EFBC}") = "SteamVR_Actions", "SteamVR_Actions.csproj", "{95d6a426-f44b-9ff2-8d16-b88d8d9a7e19}"
EndProject
Project("{FAE04EC0-301F-11D3-BF4B-00C04F79EFBC}") = "ProceduralToolkit.ClipperLib", "ProceduralToolkit.ClipperLib.csproj", "{35080333-954d-3887-8057-8b31a681296b}"
EndProject
Project("{FAE04EC0-301F-11D3-BF4B-00C04F79EFBC}") = "ProceduralToolkit.FastNoiseLib", "ProceduralToolkit.FastNoiseLib.csproj", "{85bc47f2-d392-61c3-5818-9931d36af080}"
EndProject
Project("{FAE04EC0-301F-11D3-BF4B-00C04F79EFBC}") = "Assembly-CSharp-Editor", "Assembly-CSharp-Editor.csproj", "{e8c0cfcf-45f8-1af3-acb2-6bb7c903f9e6}"
EndProject
Project("{FAE04EC0-301F-11D3-BF4B-00C04F79EFBC}") = "SteamVR_Editor", "SteamVR_Editor.csproj", "{1bd62183-296f-293c-2a32-e04311150766}"
EndProject
Project("{FAE04EC0-301F-11D3-BF4B-00C04F79EFBC}") = "ProceduralToolkit.Editor", "ProceduralToolkit.Editor.csproj", "{7a4f0a34-d47b-87e7-3319-ab06f5e87e09}"
EndProject
Project("{FAE04EC0-301F-11D3-BF4B-00C04F79EFBC}") = "SteamVR_Input_Editor", "SteamVR_Input_Editor.csproj", "{624dc0b6-59ac-9c9f-bc91-122839d21a61}"
EndProject
Project("{FAE04EC0-301F-11D3-BF4B-00C04F79EFBC}") = "TobiiXRInternalEditor", "TobiiXRInternalEditor.csproj", "{a41c75db-551e-92c5-8796-faaa66747032}"
EndProject
Project("{FAE04EC0-301F-11D3-BF4B-00C04F79EFBC}") = "TobiiXREditor", "TobiiXREditor.csproj", "{17690e66-8ad4-0b50-62bc-7591e295d7c4}"
EndProject
Project("{FAE04EC0-301F-11D3-BF4B-00C04F79EFBC}") = "ProceduralToolkit.Samples.Buildings.Editor", "ProceduralToolkit.Samples.Buildings.Editor.csproj", "{9a8d365a-1ff5-dfb5-ef68-bc5e8b3df2dd}"
EndProject
Project("{FAE04EC0-301F-11D3-BF4B-00C04F79EFBC}") = "ProceduralToolkit.Samples.LowPolyTerrain.Editor", "ProceduralToolkit.Samples.LowPolyTerrain.Editor.csproj", "{81f47b38-30d5-9273-3539-a101abe6627d}"
EndProject
Project("{FAE04EC0-301F-11D3-BF4B-00C04F79EFBC}") = "SteamVR_Windows_EditorHelper", "SteamVR_Windows_EditorHelper.csproj", "{51481614-eb35-ddc5-d2eb-7d0c0bfc64b5}"
EndProject
Project("{FAE04EC0-301F-11D3-BF4B-00C04F79EFBC}") = "ProceduralToolkit.Samples.Chairs.Editor", "ProceduralToolkit.Samples.Chairs.Editor.csproj", "{83722f85-5158-706d-e32b-cc17f18c63b7}"
EndProject
Project("{FAE04EC0-301F-11D3-BF4B-00C04F79EFBC}") = "GazeModifierEditor", "GazeModifierEditor.csproj", "{9efe2097-65e2-ba67-5df2-c1227c133bca}"
EndProject
Global
	GlobalSection(SolutionConfigurationPlatforms) = preSolution
		Debug|Any CPU = Debug|Any CPU
	EndGlobalSection
	GlobalSection(ProjectConfigurationPlatforms) = postSolution
		{58b3bae1-e8ec-2290-ef6d-1460a4705fbe}.Debug|Any CPU.ActiveCfg = Debug|Any CPU
		{58b3bae1-e8ec-2290-ef6d-1460a4705fbe}.Debug|Any CPU.Build.0 = Debug|Any CPU
		{4ac23276-a6ce-cf2e-8fd3-93eae7e9cc75}.Debug|Any CPU.ActiveCfg = Debug|Any CPU
		{4ac23276-a6ce-cf2e-8fd3-93eae7e9cc75}.Debug|Any CPU.Build.0 = Debug|Any CPU
		{a3e3ffce-e562-da52-61d8-c202f0c505e7}.Debug|Any CPU.ActiveCfg = Debug|Any CPU
		{a3e3ffce-e562-da52-61d8-c202f0c505e7}.Debug|Any CPU.Build.0 = Debug|Any CPU
		{2db8e967-4a63-5c42-e0f4-b8126bb8f514}.Debug|Any CPU.ActiveCfg = Debug|Any CPU
		{2db8e967-4a63-5c42-e0f4-b8126bb8f514}.Debug|Any CPU.Build.0 = Debug|Any CPU
		{e0225896-fb5e-8a37-2ebb-ae804b23c501}.Debug|Any CPU.ActiveCfg = Debug|Any CPU
		{e0225896-fb5e-8a37-2ebb-ae804b23c501}.Debug|Any CPU.Build.0 = Debug|Any CPU
		{9fa77d38-fd7a-e890-fcbc-7993428707b4}.Debug|Any CPU.ActiveCfg = Debug|Any CPU
		{9fa77d38-fd7a-e890-fcbc-7993428707b4}.Debug|Any CPU.Build.0 = Debug|Any CPU
		{f5212723-6a5e-badd-1e8c-d014cde0fed3}.Debug|Any CPU.ActiveCfg = Debug|Any CPU
		{f5212723-6a5e-badd-1e8c-d014cde0fed3}.Debug|Any CPU.Build.0 = Debug|Any CPU
		{971cbb07-4d63-44bc-ff5d-61a12fe9b78a}.Debug|Any CPU.ActiveCfg = Debug|Any CPU
		{971cbb07-4d63-44bc-ff5d-61a12fe9b78a}.Debug|Any CPU.Build.0 = Debug|Any CPU
		{c899ac3d-a859-a0bf-6042-ec9edd56bdc7}.Debug|Any CPU.ActiveCfg = Debug|Any CPU
		{c899ac3d-a859-a0bf-6042-ec9edd56bdc7}.Debug|Any CPU.Build.0 = Debug|Any CPU
		{95d6a426-f44b-9ff2-8d16-b88d8d9a7e19}.Debug|Any CPU.ActiveCfg = Debug|Any CPU
		{95d6a426-f44b-9ff2-8d16-b88d8d9a7e19}.Debug|Any CPU.Build.0 = Debug|Any CPU
		{35080333-954d-3887-8057-8b31a681296b}.Debug|Any CPU.ActiveCfg = Debug|Any CPU
		{35080333-954d-3887-8057-8b31a681296b}.Debug|Any CPU.Build.0 = Debug|Any CPU
		{85bc47f2-d392-61c3-5818-9931d36af080}.Debug|Any CPU.ActiveCfg = Debug|Any CPU
		{85bc47f2-d392-61c3-5818-9931d36af080}.Debug|Any CPU.Build.0 = Debug|Any CPU
		{e8c0cfcf-45f8-1af3-acb2-6bb7c903f9e6}.Debug|Any CPU.ActiveCfg = Debug|Any CPU
		{e8c0cfcf-45f8-1af3-acb2-6bb7c903f9e6}.Debug|Any CPU.Build.0 = Debug|Any CPU
		{1bd62183-296f-293c-2a32-e04311150766}.Debug|Any CPU.ActiveCfg = Debug|Any CPU
		{1bd62183-296f-293c-2a32-e04311150766}.Debug|Any CPU.Build.0 = Debug|Any CPU
		{7a4f0a34-d47b-87e7-3319-ab06f5e87e09}.Debug|Any CPU.ActiveCfg = Debug|Any CPU
		{7a4f0a34-d47b-87e7-3319-ab06f5e87e09}.Debug|Any CPU.Build.0 = Debug|Any CPU
		{624dc0b6-59ac-9c9f-bc91-122839d21a61}.Debug|Any CPU.ActiveCfg = Debug|Any CPU
		{624dc0b6-59ac-9c9f-bc91-122839d21a61}.Debug|Any CPU.Build.0 = Debug|Any CPU
		{a41c75db-551e-92c5-8796-faaa66747032}.Debug|Any CPU.ActiveCfg = Debug|Any CPU
		{a41c75db-551e-92c5-8796-faaa66747032}.Debug|Any CPU.Build.0 = Debug|Any CPU
		{17690e66-8ad4-0b50-62bc-7591e295d7c4}.Debug|Any CPU.ActiveCfg = Debug|Any CPU
		{17690e66-8ad4-0b50-62bc-7591e295d7c4}.Debug|Any CPU.Build.0 = Debug|Any CPU
		{9a8d365a-1ff5-dfb5-ef68-bc5e8b3df2dd}.Debug|Any CPU.ActiveCfg = Debug|Any CPU
		{9a8d365a-1ff5-dfb5-ef68-bc5e8b3df2dd}.Debug|Any CPU.Build.0 = Debug|Any CPU
		{81f47b38-30d5-9273-3539-a101abe6627d}.Debug|Any CPU.ActiveCfg = Debug|Any CPU
		{81f47b38-30d5-9273-3539-a101abe6627d}.Debug|Any CPU.Build.0 = Debug|Any CPU
		{51481614-eb35-ddc5-d2eb-7d0c0bfc64b5}.Debug|Any CPU.ActiveCfg = Debug|Any CPU
		{51481614-eb35-ddc5-d2eb-7d0c0bfc64b5}.Debug|Any CPU.Build.0 = Debug|Any CPU
		{83722f85-5158-706d-e32b-cc17f18c63b7}.Debug|Any CPU.ActiveCfg = Debug|Any CPU
		{83722f85-5158-706d-e32b-cc17f18c63b7}.Debug|Any CPU.Build.0 = Debug|Any CPU
		{9efe2097-65e2-ba67-5df2-c1227c133bca}.Debug|Any CPU.ActiveCfg = Debug|Any CPU
		{9efe2097-65e2-ba67-5df2-c1227c133bca}.Debug|Any CPU.Build.0 = Debug|Any CPU
	EndGlobalSection
	GlobalSection(SolutionProperties) = preSolution
		HideSolutionNode = FALSE
	EndGlobalSection
EndGlobal
