
Microsoft Visual Studio Solution File, Format Version 11.00
# Visual Studio 2010
Project("{FAE04EC0-301F-11D3-BF4B-00C04F79EFBC}") = "Assembly-CSharp", "Assembly-CSharp.csproj", "{93871C63-A12B-FD96-318C-251BEFA71E21}"
EndProject
Project("{FAE04EC0-301F-11D3-BF4B-00C04F79EFBC}") = "ProceduralToolkit.Samples", "ProceduralToolkit.Samples.csproj", "{6F3A7AFD-00D7-E451-CF73-C07F7E3E3B60}"
EndProject
Project("{FAE04EC0-301F-11D3-BF4B-00C04F79EFBC}") = "SteamVR", "SteamVR.csproj", "{2879D57F-A0F9-C689-580D-F02CB004D796}"
EndProject
Project("{FAE04EC0-301F-11D3-BF4B-00C04F79EFBC}") = "TobiiXRDevTools", "TobiiXRDevTools.csproj", "{CB97C9A2-B7B2-B14A-301D-3FAD7D32A7DF}"
EndProject
Project("{FAE04EC0-301F-11D3-BF4B-00C04F79EFBC}") = "TobiiXRSDK", "TobiiXRSDK.csproj", "{909F5A18-AB50-230C-FEA5-C4A8D9DD1D27}"
EndProject
Project("{FAE04EC0-301F-11D3-BF4B-00C04F79EFBC}") = "TobiiXRCore", "TobiiXRCore.csproj", "{8B547163-A276-4919-FB2E-6C5FB492AA9A}"
EndProject
Project("{FAE04EC0-301F-11D3-BF4B-00C04F79EFBC}") = "ProceduralToolkit", "ProceduralToolkit.csproj", "{1DDA04F3-5AC8-5A6F-5C31-4AE9E0CC1DF8}"
EndProject
Project("{FAE04EC0-301F-11D3-BF4B-00C04F79EFBC}") = "TobiiXRG2OM", "TobiiXRG2OM.csproj", "{76790B54-9D20-AACF-7B80-60F725FF44E4}"
EndProject
Project("{FAE04EC0-301F-11D3-BF4B-00C04F79EFBC}") = "ProceduralToolkit.LibTessDotNet", "ProceduralToolkit.LibTessDotNet.csproj", "{EE53F9AB-51B4-7F0D-9210-FCBB567AACFC}"
EndProject
Project("{FAE04EC0-301F-11D3-BF4B-00C04F79EFBC}") = "SteamVR_Actions", "SteamVR_Actions.csproj", "{DD29545B-0C48-4177-0F19-8854FDF16532}"
EndProject
Project("{FAE04EC0-301F-11D3-BF4B-00C04F79EFBC}") = "ProceduralToolkit.ClipperLib", "ProceduralToolkit.ClipperLib.csproj", "{5C2A4B2D-1586-02D8-33CA-8D28E48DF6D0}"
EndProject
Project("{FAE04EC0-301F-11D3-BF4B-00C04F79EFBC}") = "ProceduralToolkit.FastNoiseLib", "ProceduralToolkit.FastNoiseLib.csproj", "{94DD8B12-0096-8D94-A6E1-A7A333B3488E}"
EndProject
Project("{FAE04EC0-301F-11D3-BF4B-00C04F79EFBC}") = "Assembly-CSharp-Editor", "Assembly-CSharp-Editor.csproj", "{E53AB00F-926C-46A7-877C-20FFE7A89352}"
EndProject
Project("{FAE04EC0-301F-11D3-BF4B-00C04F79EFBC}") = "SteamVR_Editor", "SteamVR_Editor.csproj", "{E235918A-D04C-41A1-698D-616BA3665F3C}"
EndProject
Project("{FAE04EC0-301F-11D3-BF4B-00C04F79EFBC}") = "ProceduralToolkit.Editor", "ProceduralToolkit.Editor.csproj", "{DFA1F7EE-834F-804B-42DB-C6899AF6D724}"
EndProject
Project("{FAE04EC0-301F-11D3-BF4B-00C04F79EFBC}") = "SteamVR_Input_Editor", "SteamVR_Input_Editor.csproj", "{528B4DD2-0CDF-1739-0AE5-A60F8DA144FE}"
EndProject
Project("{FAE04EC0-301F-11D3-BF4B-00C04F79EFBC}") = "TobiiXRInternalEditor", "TobiiXRInternalEditor.csproj", "{1575355C-7059-1FE8-E1CA-39009113C4BE}"
EndProject
Project("{FAE04EC0-301F-11D3-BF4B-00C04F79EFBC}") = "TobiiXREditor", "TobiiXREditor.csproj", "{7566551B-FF47-7746-820B-CBE77FCBC959}"
EndProject
Project("{FAE04EC0-301F-11D3-BF4B-00C04F79EFBC}") = "ProceduralToolkit.Samples.Buildings.Editor", "ProceduralToolkit.Samples.Buildings.Editor.csproj", "{13F11E31-2BED-F9A7-EA5B-0DB98726E9BE}"
EndProject
Project("{FAE04EC0-301F-11D3-BF4B-00C04F79EFBC}") = "ProceduralToolkit.Samples.LowPolyTerrain.Editor", "ProceduralToolkit.Samples.LowPolyTerrain.Editor.csproj", "{BD85E6F2-082A-FA48-67A6-C7E223377CD4}"
EndProject
Project("{FAE04EC0-301F-11D3-BF4B-00C04F79EFBC}") = "SteamVR_Windows_EditorHelper", "SteamVR_Windows_EditorHelper.csproj", "{B717642C-9C37-B05A-DBD0-33FC22F69A31}"
EndProject
Project("{FAE04EC0-301F-11D3-BF4B-00C04F79EFBC}") = "ProceduralToolkit.Samples.Chairs.Editor", "ProceduralToolkit.Samples.Chairs.Editor.csproj", "{42E9819A-62B1-C22F-C422-0542008121A4}"
EndProject
Project("{FAE04EC0-301F-11D3-BF4B-00C04F79EFBC}") = "GazeModifierEditor", "GazeModifierEditor.csproj", "{FA4CF6C3-5AFB-3EFD-40E9-BDB0FE8F2210}"
EndProject
Global
	GlobalSection(SolutionConfigurationPlatforms) = preSolution
		Debug|Any CPU = Debug|Any CPU
		Release|Any CPU = Release|Any CPU
	EndGlobalSection
	GlobalSection(ProjectConfigurationPlatforms) = postSolution
		{93871C63-A12B-FD96-318C-251BEFA71E21}.Debug|Any CPU.ActiveCfg = Debug|Any CPU
		{93871C63-A12B-FD96-318C-251BEFA71E21}.Debug|Any CPU.Build.0 = Debug|Any CPU
		{93871C63-A12B-FD96-318C-251BEFA71E21}.Release|Any CPU.ActiveCfg = Release|Any CPU
		{93871C63-A12B-FD96-318C-251BEFA71E21}.Release|Any CPU.Build.0 = Release|Any CPU
		{6F3A7AFD-00D7-E451-CF73-C07F7E3E3B60}.Debug|Any CPU.ActiveCfg = Debug|Any CPU
		{6F3A7AFD-00D7-E451-CF73-C07F7E3E3B60}.Debug|Any CPU.Build.0 = Debug|Any CPU
		{6F3A7AFD-00D7-E451-CF73-C07F7E3E3B60}.Release|Any CPU.ActiveCfg = Release|Any CPU
		{6F3A7AFD-00D7-E451-CF73-C07F7E3E3B60}.Release|Any CPU.Build.0 = Release|Any CPU
		{2879D57F-A0F9-C689-580D-F02CB004D796}.Debug|Any CPU.ActiveCfg = Debug|Any CPU
		{2879D57F-A0F9-C689-580D-F02CB004D796}.Debug|Any CPU.Build.0 = Debug|Any CPU
		{2879D57F-A0F9-C689-580D-F02CB004D796}.Release|Any CPU.ActiveCfg = Release|Any CPU
		{2879D57F-A0F9-C689-580D-F02CB004D796}.Release|Any CPU.Build.0 = Release|Any CPU
		{CB97C9A2-B7B2-B14A-301D-3FAD7D32A7DF}.Debug|Any CPU.ActiveCfg = Debug|Any CPU
		{CB97C9A2-B7B2-B14A-301D-3FAD7D32A7DF}.Debug|Any CPU.Build.0 = Debug|Any CPU
		{CB97C9A2-B7B2-B14A-301D-3FAD7D32A7DF}.Release|Any CPU.ActiveCfg = Release|Any CPU
		{CB97C9A2-B7B2-B14A-301D-3FAD7D32A7DF}.Release|Any CPU.Build.0 = Release|Any CPU
		{909F5A18-AB50-230C-FEA5-C4A8D9DD1D27}.Debug|Any CPU.ActiveCfg = Debug|Any CPU
		{909F5A18-AB50-230C-FEA5-C4A8D9DD1D27}.Debug|Any CPU.Build.0 = Debug|Any CPU
		{909F5A18-AB50-230C-FEA5-C4A8D9DD1D27}.Release|Any CPU.ActiveCfg = Release|Any CPU
		{909F5A18-AB50-230C-FEA5-C4A8D9DD1D27}.Release|Any CPU.Build.0 = Release|Any CPU
		{8B547163-A276-4919-FB2E-6C5FB492AA9A}.Debug|Any CPU.ActiveCfg = Debug|Any CPU
		{8B547163-A276-4919-FB2E-6C5FB492AA9A}.Debug|Any CPU.Build.0 = Debug|Any CPU
		{8B547163-A276-4919-FB2E-6C5FB492AA9A}.Release|Any CPU.ActiveCfg = Release|Any CPU
		{8B547163-A276-4919-FB2E-6C5FB492AA9A}.Release|Any CPU.Build.0 = Release|Any CPU
		{1DDA04F3-5AC8-5A6F-5C31-4AE9E0CC1DF8}.Debug|Any CPU.ActiveCfg = Debug|Any CPU
		{1DDA04F3-5AC8-5A6F-5C31-4AE9E0CC1DF8}.Debug|Any CPU.Build.0 = Debug|Any CPU
		{1DDA04F3-5AC8-5A6F-5C31-4AE9E0CC1DF8}.Release|Any CPU.ActiveCfg = Release|Any CPU
		{1DDA04F3-5AC8-5A6F-5C31-4AE9E0CC1DF8}.Release|Any CPU.Build.0 = Release|Any CPU
		{76790B54-9D20-AACF-7B80-60F725FF44E4}.Debug|Any CPU.ActiveCfg = Debug|Any CPU
		{76790B54-9D20-AACF-7B80-60F725FF44E4}.Debug|Any CPU.Build.0 = Debug|Any CPU
		{76790B54-9D20-AACF-7B80-60F725FF44E4}.Release|Any CPU.ActiveCfg = Release|Any CPU
		{76790B54-9D20-AACF-7B80-60F725FF44E4}.Release|Any CPU.Build.0 = Release|Any CPU
		{EE53F9AB-51B4-7F0D-9210-FCBB567AACFC}.Debug|Any CPU.ActiveCfg = Debug|Any CPU
		{EE53F9AB-51B4-7F0D-9210-FCBB567AACFC}.Debug|Any CPU.Build.0 = Debug|Any CPU
		{EE53F9AB-51B4-7F0D-9210-FCBB567AACFC}.Release|Any CPU.ActiveCfg = Release|Any CPU
		{EE53F9AB-51B4-7F0D-9210-FCBB567AACFC}.Release|Any CPU.Build.0 = Release|Any CPU
		{DD29545B-0C48-4177-0F19-8854FDF16532}.Debug|Any CPU.ActiveCfg = Debug|Any CPU
		{DD29545B-0C48-4177-0F19-8854FDF16532}.Debug|Any CPU.Build.0 = Debug|Any CPU
		{DD29545B-0C48-4177-0F19-8854FDF16532}.Release|Any CPU.ActiveCfg = Release|Any CPU
		{DD29545B-0C48-4177-0F19-8854FDF16532}.Release|Any CPU.Build.0 = Release|Any CPU
		{5C2A4B2D-1586-02D8-33CA-8D28E48DF6D0}.Debug|Any CPU.ActiveCfg = Debug|Any CPU
		{5C2A4B2D-1586-02D8-33CA-8D28E48DF6D0}.Debug|Any CPU.Build.0 = Debug|Any CPU
		{5C2A4B2D-1586-02D8-33CA-8D28E48DF6D0}.Release|Any CPU.ActiveCfg = Release|Any CPU
		{5C2A4B2D-1586-02D8-33CA-8D28E48DF6D0}.Release|Any CPU.Build.0 = Release|Any CPU
		{94DD8B12-0096-8D94-A6E1-A7A333B3488E}.Debug|Any CPU.ActiveCfg = Debug|Any CPU
		{94DD8B12-0096-8D94-A6E1-A7A333B3488E}.Debug|Any CPU.Build.0 = Debug|Any CPU
		{94DD8B12-0096-8D94-A6E1-A7A333B3488E}.Release|Any CPU.ActiveCfg = Release|Any CPU
		{94DD8B12-0096-8D94-A6E1-A7A333B3488E}.Release|Any CPU.Build.0 = Release|Any CPU
		{E53AB00F-926C-46A7-877C-20FFE7A89352}.Debug|Any CPU.ActiveCfg = Debug|Any CPU
		{E53AB00F-926C-46A7-877C-20FFE7A89352}.Debug|Any CPU.Build.0 = Debug|Any CPU
		{E53AB00F-926C-46A7-877C-20FFE7A89352}.Release|Any CPU.ActiveCfg = Release|Any CPU
		{E53AB00F-926C-46A7-877C-20FFE7A89352}.Release|Any CPU.Build.0 = Release|Any CPU
		{E235918A-D04C-41A1-698D-616BA3665F3C}.Debug|Any CPU.ActiveCfg = Debug|Any CPU
		{E235918A-D04C-41A1-698D-616BA3665F3C}.Debug|Any CPU.Build.0 = Debug|Any CPU
		{E235918A-D04C-41A1-698D-616BA3665F3C}.Release|Any CPU.ActiveCfg = Release|Any CPU
		{E235918A-D04C-41A1-698D-616BA3665F3C}.Release|Any CPU.Build.0 = Release|Any CPU
		{DFA1F7EE-834F-804B-42DB-C6899AF6D724}.Debug|Any CPU.ActiveCfg = Debug|Any CPU
		{DFA1F7EE-834F-804B-42DB-C6899AF6D724}.Debug|Any CPU.Build.0 = Debug|Any CPU
		{DFA1F7EE-834F-804B-42DB-C6899AF6D724}.Release|Any CPU.ActiveCfg = Release|Any CPU
		{DFA1F7EE-834F-804B-42DB-C6899AF6D724}.Release|Any CPU.Build.0 = Release|Any CPU
		{528B4DD2-0CDF-1739-0AE5-A60F8DA144FE}.Debug|Any CPU.ActiveCfg = Debug|Any CPU
		{528B4DD2-0CDF-1739-0AE5-A60F8DA144FE}.Debug|Any CPU.Build.0 = Debug|Any CPU
		{528B4DD2-0CDF-1739-0AE5-A60F8DA144FE}.Release|Any CPU.ActiveCfg = Release|Any CPU
		{528B4DD2-0CDF-1739-0AE5-A60F8DA144FE}.Release|Any CPU.Build.0 = Release|Any CPU
		{1575355C-7059-1FE8-E1CA-39009113C4BE}.Debug|Any CPU.ActiveCfg = Debug|Any CPU
		{1575355C-7059-1FE8-E1CA-39009113C4BE}.Debug|Any CPU.Build.0 = Debug|Any CPU
		{1575355C-7059-1FE8-E1CA-39009113C4BE}.Release|Any CPU.ActiveCfg = Release|Any CPU
		{1575355C-7059-1FE8-E1CA-39009113C4BE}.Release|Any CPU.Build.0 = Release|Any CPU
		{7566551B-FF47-7746-820B-CBE77FCBC959}.Debug|Any CPU.ActiveCfg = Debug|Any CPU
		{7566551B-FF47-7746-820B-CBE77FCBC959}.Debug|Any CPU.Build.0 = Debug|Any CPU
		{7566551B-FF47-7746-820B-CBE77FCBC959}.Release|Any CPU.ActiveCfg = Release|Any CPU
		{7566551B-FF47-7746-820B-CBE77FCBC959}.Release|Any CPU.Build.0 = Release|Any CPU
		{13F11E31-2BED-F9A7-EA5B-0DB98726E9BE}.Debug|Any CPU.ActiveCfg = Debug|Any CPU
		{13F11E31-2BED-F9A7-EA5B-0DB98726E9BE}.Debug|Any CPU.Build.0 = Debug|Any CPU
		{13F11E31-2BED-F9A7-EA5B-0DB98726E9BE}.Release|Any CPU.ActiveCfg = Release|Any CPU
		{13F11E31-2BED-F9A7-EA5B-0DB98726E9BE}.Release|Any CPU.Build.0 = Release|Any CPU
		{BD85E6F2-082A-FA48-67A6-C7E223377CD4}.Debug|Any CPU.ActiveCfg = Debug|Any CPU
		{BD85E6F2-082A-FA48-67A6-C7E223377CD4}.Debug|Any CPU.Build.0 = Debug|Any CPU
		{BD85E6F2-082A-FA48-67A6-C7E223377CD4}.Release|Any CPU.ActiveCfg = Release|Any CPU
		{BD85E6F2-082A-FA48-67A6-C7E223377CD4}.Release|Any CPU.Build.0 = Release|Any CPU
		{B717642C-9C37-B05A-DBD0-33FC22F69A31}.Debug|Any CPU.ActiveCfg = Debug|Any CPU
		{B717642C-9C37-B05A-DBD0-33FC22F69A31}.Debug|Any CPU.Build.0 = Debug|Any CPU
		{B717642C-9C37-B05A-DBD0-33FC22F69A31}.Release|Any CPU.ActiveCfg = Release|Any CPU
		{B717642C-9C37-B05A-DBD0-33FC22F69A31}.Release|Any CPU.Build.0 = Release|Any CPU
		{42E9819A-62B1-C22F-C422-0542008121A4}.Debug|Any CPU.ActiveCfg = Debug|Any CPU
		{42E9819A-62B1-C22F-C422-0542008121A4}.Debug|Any CPU.Build.0 = Debug|Any CPU
		{42E9819A-62B1-C22F-C422-0542008121A4}.Release|Any CPU.ActiveCfg = Release|Any CPU
		{42E9819A-62B1-C22F-C422-0542008121A4}.Release|Any CPU.Build.0 = Release|Any CPU
		{FA4CF6C3-5AFB-3EFD-40E9-BDB0FE8F2210}.Debug|Any CPU.ActiveCfg = Debug|Any CPU
		{FA4CF6C3-5AFB-3EFD-40E9-BDB0FE8F2210}.Debug|Any CPU.Build.0 = Debug|Any CPU
		{FA4CF6C3-5AFB-3EFD-40E9-BDB0FE8F2210}.Release|Any CPU.ActiveCfg = Release|Any CPU
		{FA4CF6C3-5AFB-3EFD-40E9-BDB0FE8F2210}.Release|Any CPU.Build.0 = Release|Any CPU
	EndGlobalSection
	GlobalSection(SolutionProperties) = preSolution
		HideSolutionNode = FALSE
	EndGlobalSection
EndGlobal
